
Microsoft Visual Studio Solution File, Format Version 12.00
# Visual Studio Version 17
VisualStudioVersion = 17.8.34316.72
MinimumVisualStudioVersion = 10.0.40219.1
Project("{FAE04EC0-301F-11D3-BF4B-00C04F79EFBC}") = "Ilmhub2", "Ilmhub2\Ilmhub2.csproj", "{F1775E87-725E-43A3-AF6D-8070331B918E}"
EndProject
Project("{FAE04EC0-301F-11D3-BF4B-00C04F79EFBC}") = "IlmHub3", "IlmHub3\IlmHub3.csproj", "{4C2A286F-AB00-472B-8CA3-E3139CBAEDB5}"
EndProject
Global
	GlobalSection(SolutionConfigurationPlatforms) = preSolution
		Debug|Any CPU = Debug|Any CPU
		Release|Any CPU = Release|Any CPU
	EndGlobalSection
	GlobalSection(ProjectConfigurationPlatforms) = postSolution
		{F1775E87-725E-43A3-AF6D-8070331B918E}.Debug|Any CPU.ActiveCfg = Debug|Any CPU
		{F1775E87-725E-43A3-AF6D-8070331B918E}.Debug|Any CPU.Build.0 = Debug|Any CPU
		{F1775E87-725E-43A3-AF6D-8070331B918E}.Release|Any CPU.ActiveCfg = Release|Any CPU
		{F1775E87-725E-43A3-AF6D-8070331B918E}.Release|Any CPU.Build.0 = Release|Any CPU
		{4C2A286F-AB00-472B-8CA3-E3139CBAEDB5}.Debug|Any CPU.ActiveCfg = Debug|Any CPU
		{4C2A286F-AB00-472B-8CA3-E3139CBAEDB5}.Debug|Any CPU.Build.0 = Debug|Any CPU
		{4C2A286F-AB00-472B-8CA3-E3139CBAEDB5}.Release|Any CPU.ActiveCfg = Release|Any CPU
		{4C2A286F-AB00-472B-8CA3-E3139CBAEDB5}.Release|Any CPU.Build.0 = Release|Any CPU
	EndGlobalSection
	GlobalSection(SolutionProperties) = preSolution
		HideSolutionNode = FALSE
	EndGlobalSection
	GlobalSection(ExtensibilityGlobals) = postSolution
		SolutionGuid = {455C8AC6-9EBC-4A55-9F82-CF98CD552D2E}
	EndGlobalSection
EndGlobal
